
Microsoft Visual Studio Solution File, Format Version 12.00
# Visual Studio Version 17
VisualStudioVersion = 17.11.35219.272
MinimumVisualStudioVersion = 10.0.40219.1
Project("{FAE04EC0-301F-11D3-BF4B-00C04F79EFBC}") = "SBImageLib", "SBImageLib.csproj", "{F5DF4512-B17C-427F-B82E-A06A975D9D86}"
EndProject
Global
	GlobalSection(SolutionConfigurationPlatforms) = preSolution
		Debug|Any CPU = Debug|Any CPU
		Release|Any CPU = Release|Any CPU
	EndGlobalSection
	GlobalSection(ProjectConfigurationPlatforms) = postSolution
		{F5DF4512-B17C-427F-B82E-A06A975D9D86}.Debug|Any CPU.ActiveCfg = Debug|Any CPU
		{F5DF4512-B17C-427F-B82E-A06A975D9D86}.Debug|Any CPU.Build.0 = Debug|Any CPU
		{F5DF4512-B17C-427F-B82E-A06A975D9D86}.Release|Any CPU.ActiveCfg = Release|Any CPU
		{F5DF4512-B17C-427F-B82E-A06A975D9D86}.Release|Any CPU.Build.0 = Release|Any CPU
	EndGlobalSection
	GlobalSection(SolutionProperties) = preSolution
		HideSolutionNode = FALSE
	EndGlobalSection
	GlobalSection(ExtensibilityGlobals) = postSolution
		SolutionGuid = {812CA1CB-00E0-4828-A141-DA915F61EDF7}
	EndGlobalSection
EndGlobal
